// !$*UTF8*$!
{
	archiveVersion = 1;
	classes = {
	};
	objectVersion = 46;
	objects = {

/* Begin PBXBuildFile section */
		249DC6291F5EE12400986B98 /* AppDelegate.swift in Sources */ = {isa = PBXBuildFile; fileRef = 249DC6281F5EE12400986B98 /* AppDelegate.swift */; };
		249DC62B1F5EE12400986B98 /* ViewController.swift in Sources */ = {isa = PBXBuildFile; fileRef = 249DC62A1F5EE12400986B98 /* ViewController.swift */; };
		249DC62D1F5EE12400986B98 /* Assets.xcassets in Resources */ = {isa = PBXBuildFile; fileRef = 249DC62C1F5EE12400986B98 /* Assets.xcassets */; };
		249DC6301F5EE12400986B98 /* Main.storyboard in Resources */ = {isa = PBXBuildFile; fileRef = 249DC62E1F5EE12400986B98 /* Main.storyboard */; };
		249DC63B1F5EE12400986B98 /* DeviumTests.swift in Sources */ = {isa = PBXBuildFile; fileRef = 249DC63A1F5EE12400986B98 /* DeviumTests.swift */; };
		249DC6461F5EE12400986B98 /* DeviumUITests.swift in Sources */ = {isa = PBXBuildFile; fileRef = 249DC6451F5EE12400986B98 /* DeviumUITests.swift */; };
		249DC6581F5EE44900986B98 /* WindowViewController.swift in Sources */ = {isa = PBXBuildFile; fileRef = 249DC6571F5EE44900986B98 /* WindowViewController.swift */; };
		249DC6611F5EEE8600986B98 /* finalBG.gif in Resources */ = {isa = PBXBuildFile; fileRef = 249DC6601F5EEE8600986B98 /* finalBG.gif */; };
		249DC6631F5EFF8300986B98 /* WindowSub.swift in Sources */ = {isa = PBXBuildFile; fileRef = 249DC6621F5EFF8300986B98 /* WindowSub.swift */; };
		24E881311F5F163000A7290B /* ChatViewController.swift in Sources */ = {isa = PBXBuildFile; fileRef = 24E881301F5F163000A7290B /* ChatViewController.swift */; };
		24EC6B281F5F6C0100BB8C18 /* PressStart2P.ttf in Resources */ = {isa = PBXBuildFile; fileRef = 24EC6B261F5F6BC400BB8C18 /* PressStart2P.ttf */; };
		24EC6B2B1F5F6C3A00BB8C18 /* 8-BIT WONDER.TTF in Resources */ = {isa = PBXBuildFile; fileRef = 24EC6B2A1F5F6C3100BB8C18 /* 8-BIT WONDER.TTF */; };
		24EC6B2C1F5F6C3A00BB8C18 /* V5Xtende.ttf in Resources */ = {isa = PBXBuildFile; fileRef = 24EC6B291F5F6C1F00BB8C18 /* V5Xtende.ttf */; };
/* End PBXBuildFile section */

/* Begin PBXContainerItemProxy section */
		249DC6371F5EE12400986B98 /* PBXContainerItemProxy */ = {
			isa = PBXContainerItemProxy;
			containerPortal = 249DC61D1F5EE12400986B98 /* Project object */;
			proxyType = 1;
			remoteGlobalIDString = 249DC6241F5EE12400986B98;
			remoteInfo = Devium;
		};
		249DC6421F5EE12400986B98 /* PBXContainerItemProxy */ = {
			isa = PBXContainerItemProxy;
			containerPortal = 249DC61D1F5EE12400986B98 /* Project object */;
			proxyType = 1;
			remoteGlobalIDString = 249DC6241F5EE12400986B98;
			remoteInfo = Devium;
		};
/* End PBXContainerItemProxy section */

/* Begin PBXFileReference section */
		249DC6251F5EE12400986B98 /* Devium.app */ = {isa = PBXFileReference; explicitFileType = wrapper.application; includeInIndex = 0; path = Devium.app; sourceTree = BUILT_PRODUCTS_DIR; };
		249DC6281F5EE12400986B98 /* AppDelegate.swift */ = {isa = PBXFileReference; lastKnownFileType = sourcecode.swift; path = AppDelegate.swift; sourceTree = "<group>"; };
		249DC62A1F5EE12400986B98 /* ViewController.swift */ = {isa = PBXFileReference; lastKnownFileType = sourcecode.swift; path = ViewController.swift; sourceTree = "<group>"; };
		249DC62C1F5EE12400986B98 /* Assets.xcassets */ = {isa = PBXFileReference; lastKnownFileType = folder.assetcatalog; path = Assets.xcassets; sourceTree = "<group>"; };
		249DC62F1F5EE12400986B98 /* Base */ = {isa = PBXFileReference; lastKnownFileType = file.storyboard; name = Base; path = Base.lproj/Main.storyboard; sourceTree = "<group>"; };
		249DC6311F5EE12400986B98 /* Info.plist */ = {isa = PBXFileReference; lastKnownFileType = text.plist.xml; path = Info.plist; sourceTree = "<group>"; };
		249DC6361F5EE12400986B98 /* DeviumTests.xctest */ = {isa = PBXFileReference; explicitFileType = wrapper.cfbundle; includeInIndex = 0; path = DeviumTests.xctest; sourceTree = BUILT_PRODUCTS_DIR; };
		249DC63A1F5EE12400986B98 /* DeviumTests.swift */ = {isa = PBXFileReference; lastKnownFileType = sourcecode.swift; path = DeviumTests.swift; sourceTree = "<group>"; };
		249DC63C1F5EE12400986B98 /* Info.plist */ = {isa = PBXFileReference; lastKnownFileType = text.plist.xml; path = Info.plist; sourceTree = "<group>"; };
		249DC6411F5EE12400986B98 /* DeviumUITests.xctest */ = {isa = PBXFileReference; explicitFileType = wrapper.cfbundle; includeInIndex = 0; path = DeviumUITests.xctest; sourceTree = BUILT_PRODUCTS_DIR; };
		249DC6451F5EE12400986B98 /* DeviumUITests.swift */ = {isa = PBXFileReference; lastKnownFileType = sourcecode.swift; path = DeviumUITests.swift; sourceTree = "<group>"; };
		249DC6471F5EE12400986B98 /* Info.plist */ = {isa = PBXFileReference; lastKnownFileType = text.plist.xml; path = Info.plist; sourceTree = "<group>"; };
		249DC6571F5EE44900986B98 /* WindowViewController.swift */ = {isa = PBXFileReference; fileEncoding = 4; lastKnownFileType = sourcecode.swift; path = WindowViewController.swift; sourceTree = "<group>"; };
		249DC6601F5EEE8600986B98 /* finalBG.gif */ = {isa = PBXFileReference; lastKnownFileType = image.gif; path = finalBG.gif; sourceTree = "<group>"; };
		249DC6621F5EFF8300986B98 /* WindowSub.swift */ = {isa = PBXFileReference; fileEncoding = 4; lastKnownFileType = sourcecode.swift; path = WindowSub.swift; sourceTree = "<group>"; };
		24E881301F5F163000A7290B /* ChatViewController.swift */ = {isa = PBXFileReference; fileEncoding = 4; lastKnownFileType = sourcecode.swift; path = ChatViewController.swift; sourceTree = "<group>"; };
		24EC6B261F5F6BC400BB8C18 /* PressStart2P.ttf */ = {isa = PBXFileReference; lastKnownFileType = file; path = PressStart2P.ttf; sourceTree = "<group>"; };
		24EC6B291F5F6C1F00BB8C18 /* V5Xtende.ttf */ = {isa = PBXFileReference; lastKnownFileType = file; path = V5Xtende.ttf; sourceTree = "<group>"; };
		24EC6B2A1F5F6C3100BB8C18 /* 8-BIT WONDER.TTF */ = {isa = PBXFileReference; lastKnownFileType = file; path = "8-BIT WONDER.TTF"; sourceTree = "<group>"; };
/* End PBXFileReference section */

/* Begin PBXFrameworksBuildPhase section */
		249DC6221F5EE12400986B98 /* Frameworks */ = {
			isa = PBXFrameworksBuildPhase;
			buildActionMask = 2147483647;
			files = (
			);
			runOnlyForDeploymentPostprocessing = 0;
		};
		249DC6331F5EE12400986B98 /* Frameworks */ = {
			isa = PBXFrameworksBuildPhase;
			buildActionMask = 2147483647;
			files = (
			);
			runOnlyForDeploymentPostprocessing = 0;
		};
		249DC63E1F5EE12400986B98 /* Frameworks */ = {
			isa = PBXFrameworksBuildPhase;
			buildActionMask = 2147483647;
			files = (
			);
			runOnlyForDeploymentPostprocessing = 0;
		};
/* End PBXFrameworksBuildPhase section */

/* Begin PBXGroup section */
		249DC61C1F5EE12400986B98 = {
			isa = PBXGroup;
			children = (
				249DC6271F5EE12400986B98 /* Devium */,
				249DC6391F5EE12400986B98 /* DeviumTests */,
				249DC6441F5EE12400986B98 /* DeviumUITests */,
				249DC6261F5EE12400986B98 /* Products */,
			);
			sourceTree = "<group>";
		};
		249DC6261F5EE12400986B98 /* Products */ = {
			isa = PBXGroup;
			children = (
				249DC6251F5EE12400986B98 /* Devium.app */,
				249DC6361F5EE12400986B98 /* DeviumTests.xctest */,
				249DC6411F5EE12400986B98 /* DeviumUITests.xctest */,
			);
			name = Products;
			sourceTree = "<group>";
		};
		249DC6271F5EE12400986B98 /* Devium */ = {
			isa = PBXGroup;
			children = (
				24EC6B251F5F6B3400BB8C18 /* Login */,
				24EC6B231F5F6B1E00BB8C18 /* Gifs */,
				24E8812F1F5F161D00A7290B /* ChatView */,
				24EC6B271F5F6BCA00BB8C18 /* Theme */,
				249DC62E1F5EE12400986B98 /* Main.storyboard */,
				249DC6281F5EE12400986B98 /* AppDelegate.swift */,
				249DC6621F5EFF8300986B98 /* WindowSub.swift */,
				249DC62C1F5EE12400986B98 /* Assets.xcassets */,
				249DC6311F5EE12400986B98 /* Info.plist */,
			);
			path = Devium;
			sourceTree = "<group>";
		};
		249DC6391F5EE12400986B98 /* DeviumTests */ = {
			isa = PBXGroup;
			children = (
				249DC63A1F5EE12400986B98 /* DeviumTests.swift */,
				249DC63C1F5EE12400986B98 /* Info.plist */,
			);
			path = DeviumTests;
			sourceTree = "<group>";
		};
		249DC6441F5EE12400986B98 /* DeviumUITests */ = {
			isa = PBXGroup;
			children = (
				249DC6451F5EE12400986B98 /* DeviumUITests.swift */,
				249DC6471F5EE12400986B98 /* Info.plist */,
			);
			path = DeviumUITests;
			sourceTree = "<group>";
		};
		24E8812F1F5F161D00A7290B /* ChatView */ = {
			isa = PBXGroup;
			children = (
				24E881301F5F163000A7290B /* ChatViewController.swift */,
			);
			name = ChatView;
			sourceTree = "<group>";
		};
		24EC6B231F5F6B1E00BB8C18 /* Gifs */ = {
			isa = PBXGroup;
			children = (
				24EC6B241F5F6B2500BB8C18 /* Login */,
			);
			name = Gifs;
			sourceTree = "<group>";
		};
		24EC6B241F5F6B2500BB8C18 /* Login */ = {
			isa = PBXGroup;
			children = (
				249DC6601F5EEE8600986B98 /* finalBG.gif */,
			);
			name = Login;
			sourceTree = "<group>";
		};
		24EC6B251F5F6B3400BB8C18 /* Login */ = {
			isa = PBXGroup;
			children = (
				249DC62A1F5EE12400986B98 /* ViewController.swift */,
				249DC6571F5EE44900986B98 /* WindowViewController.swift */,
			);
			name = Login;
			sourceTree = "<group>";
		};
		24EC6B271F5F6BCA00BB8C18 /* Theme */ = {
			isa = PBXGroup;
			children = (
				24EC6B2A1F5F6C3100BB8C18 /* 8-BIT WONDER.TTF */,
				24EC6B291F5F6C1F00BB8C18 /* V5Xtende.ttf */,
				24EC6B261F5F6BC400BB8C18 /* PressStart2P.ttf */,
			);
			name = Theme;
			sourceTree = "<group>";
		};
/* End PBXGroup section */

/* Begin PBXNativeTarget section */
		249DC6241F5EE12400986B98 /* Devium */ = {
			isa = PBXNativeTarget;
			buildConfigurationList = 249DC64A1F5EE12400986B98 /* Build configuration list for PBXNativeTarget "Devium" */;
			buildPhases = (
				249DC6211F5EE12400986B98 /* Sources */,
				249DC6221F5EE12400986B98 /* Frameworks */,
				249DC6231F5EE12400986B98 /* Resources */,
			);
			buildRules = (
			);
			dependencies = (
			);
			name = Devium;
			productName = Devium;
			productReference = 249DC6251F5EE12400986B98 /* Devium.app */;
			productType = "com.apple.product-type.application";
		};
		249DC6351F5EE12400986B98 /* DeviumTests */ = {
			isa = PBXNativeTarget;
			buildConfigurationList = 249DC64D1F5EE12400986B98 /* Build configuration list for PBXNativeTarget "DeviumTests" */;
			buildPhases = (
				249DC6321F5EE12400986B98 /* Sources */,
				249DC6331F5EE12400986B98 /* Frameworks */,
				249DC6341F5EE12400986B98 /* Resources */,
			);
			buildRules = (
			);
			dependencies = (
				249DC6381F5EE12400986B98 /* PBXTargetDependency */,
			);
			name = DeviumTests;
			productName = DeviumTests;
			productReference = 249DC6361F5EE12400986B98 /* DeviumTests.xctest */;
			productType = "com.apple.product-type.bundle.unit-test";
		};
		249DC6401F5EE12400986B98 /* DeviumUITests */ = {
			isa = PBXNativeTarget;
			buildConfigurationList = 249DC6501F5EE12400986B98 /* Build configuration list for PBXNativeTarget "DeviumUITests" */;
			buildPhases = (
				249DC63D1F5EE12400986B98 /* Sources */,
				249DC63E1F5EE12400986B98 /* Frameworks */,
				249DC63F1F5EE12400986B98 /* Resources */,
			);
			buildRules = (
			);
			dependencies = (
				249DC6431F5EE12400986B98 /* PBXTargetDependency */,
			);
			name = DeviumUITests;
			productName = DeviumUITests;
			productReference = 249DC6411F5EE12400986B98 /* DeviumUITests.xctest */;
			productType = "com.apple.product-type.bundle.ui-testing";
		};
/* End PBXNativeTarget section */

/* Begin PBXProject section */
		249DC61D1F5EE12400986B98 /* Project object */ = {
			isa = PBXProject;
			attributes = {
				LastSwiftUpdateCheck = 0830;
				LastUpgradeCheck = 0830;
				ORGANIZATIONNAME = "Rodrigo  Ribeiro";
				TargetAttributes = {
					249DC6241F5EE12400986B98 = {
						CreatedOnToolsVersion = 8.3.3;
						DevelopmentTeam = X8F237SM25;
						ProvisioningStyle = Automatic;
					};
					249DC6351F5EE12400986B98 = {
						CreatedOnToolsVersion = 8.3.3;
						DevelopmentTeam = X8F237SM25;
						ProvisioningStyle = Automatic;
						TestTargetID = 249DC6241F5EE12400986B98;
					};
					249DC6401F5EE12400986B98 = {
						CreatedOnToolsVersion = 8.3.3;
						DevelopmentTeam = X8F237SM25;
						ProvisioningStyle = Automatic;
						TestTargetID = 249DC6241F5EE12400986B98;
					};
				};
			};
			buildConfigurationList = 249DC6201F5EE12400986B98 /* Build configuration list for PBXProject "Devium" */;
			compatibilityVersion = "Xcode 3.2";
			developmentRegion = English;
			hasScannedForEncodings = 0;
			knownRegions = (
				en,
				Base,
			);
			mainGroup = 249DC61C1F5EE12400986B98;
			productRefGroup = 249DC6261F5EE12400986B98 /* Products */;
			projectDirPath = "";
			projectRoot = "";
			targets = (
				249DC6241F5EE12400986B98 /* Devium */,
				249DC6351F5EE12400986B98 /* DeviumTests */,
				249DC6401F5EE12400986B98 /* DeviumUITests */,
			);
		};
/* End PBXProject section */

/* Begin PBXResourcesBuildPhase section */
		249DC6231F5EE12400986B98 /* Resources */ = {
			isa = PBXResourcesBuildPhase;
			buildActionMask = 2147483647;
			files = (
				24EC6B2B1F5F6C3A00BB8C18 /* 8-BIT WONDER.TTF in Resources */,
				24EC6B2C1F5F6C3A00BB8C18 /* V5Xtende.ttf in Resources */,
				24EC6B281F5F6C0100BB8C18 /* PressStart2P.ttf in Resources */,
				249DC6611F5EEE8600986B98 /* finalBG.gif in Resources */,
				249DC62D1F5EE12400986B98 /* Assets.xcassets in Resources */,
				249DC6301F5EE12400986B98 /* Main.storyboard in Resources */,
			);
			runOnlyForDeploymentPostprocessing = 0;
		};
		249DC6341F5EE12400986B98 /* Resources */ = {
			isa = PBXResourcesBuildPhase;
			buildActionMask = 2147483647;
			files = (
			);
			runOnlyForDeploymentPostprocessing = 0;
		};
		249DC63F1F5EE12400986B98 /* Resources */ = {
			isa = PBXResourcesBuildPhase;
			buildActionMask = 2147483647;
			files = (
			);
			runOnlyForDeploymentPostprocessing = 0;
		};
/* End PBXResourcesBuildPhase section */

/* Begin PBXSourcesBuildPhase section */
		249DC6211F5EE12400986B98 /* Sources */ = {
			isa = PBXSourcesBuildPhase;
			buildActionMask = 2147483647;
			files = (
				249DC6631F5EFF8300986B98 /* WindowSub.swift in Sources */,
				249DC6581F5EE44900986B98 /* WindowViewController.swift in Sources */,
				249DC62B1F5EE12400986B98 /* ViewController.swift in Sources */,
				24E881311F5F163000A7290B /* ChatViewController.swift in Sources */,
				249DC6291F5EE12400986B98 /* AppDelegate.swift in Sources */,
			);
			runOnlyForDeploymentPostprocessing = 0;
		};
		249DC6321F5EE12400986B98 /* Sources */ = {
			isa = PBXSourcesBuildPhase;
			buildActionMask = 2147483647;
			files = (
				249DC63B1F5EE12400986B98 /* DeviumTests.swift in Sources */,
			);
			runOnlyForDeploymentPostprocessing = 0;
		};
		249DC63D1F5EE12400986B98 /* Sources */ = {
			isa = PBXSourcesBuildPhase;
			buildActionMask = 2147483647;
			files = (
				249DC6461F5EE12400986B98 /* DeviumUITests.swift in Sources */,
			);
			runOnlyForDeploymentPostprocessing = 0;
		};
/* End PBXSourcesBuildPhase section */

/* Begin PBXTargetDependency section */
		249DC6381F5EE12400986B98 /* PBXTargetDependency */ = {
			isa = PBXTargetDependency;
			target = 249DC6241F5EE12400986B98 /* Devium */;
			targetProxy = 249DC6371F5EE12400986B98 /* PBXContainerItemProxy */;
		};
		249DC6431F5EE12400986B98 /* PBXTargetDependency */ = {
			isa = PBXTargetDependency;
			target = 249DC6241F5EE12400986B98 /* Devium */;
			targetProxy = 249DC6421F5EE12400986B98 /* PBXContainerItemProxy */;
		};
/* End PBXTargetDependency section */

/* Begin PBXVariantGroup section */
		249DC62E1F5EE12400986B98 /* Main.storyboard */ = {
			isa = PBXVariantGroup;
			children = (
				249DC62F1F5EE12400986B98 /* Base */,
			);
			name = Main.storyboard;
			sourceTree = "<group>";
		};
/* End PBXVariantGroup section */

/* Begin XCBuildConfiguration section */
		249DC6481F5EE12400986B98 /* Debug */ = {
			isa = XCBuildConfiguration;
			buildSettings = {
				ALWAYS_SEARCH_USER_PATHS = NO;
				CLANG_ANALYZER_NONNULL = YES;
				CLANG_ANALYZER_NUMBER_OBJECT_CONVERSION = YES_AGGRESSIVE;
				CLANG_CXX_LANGUAGE_STANDARD = "gnu++0x";
				CLANG_CXX_LIBRARY = "libc++";
				CLANG_ENABLE_MODULES = YES;
				CLANG_ENABLE_OBJC_ARC = YES;
				CLANG_WARN_BOOL_CONVERSION = YES;
				CLANG_WARN_CONSTANT_CONVERSION = YES;
				CLANG_WARN_DIRECT_OBJC_ISA_USAGE = YES_ERROR;
				CLANG_WARN_DOCUMENTATION_COMMENTS = YES;
				CLANG_WARN_EMPTY_BODY = YES;
				CLANG_WARN_ENUM_CONVERSION = YES;
				CLANG_WARN_INFINITE_RECURSION = YES;
				CLANG_WARN_INT_CONVERSION = YES;
				CLANG_WARN_OBJC_ROOT_CLASS = YES_ERROR;
				CLANG_WARN_SUSPICIOUS_MOVE = YES;
				CLANG_WARN_UNREACHABLE_CODE = YES;
				CLANG_WARN__DUPLICATE_METHOD_MATCH = YES;
				CODE_SIGN_IDENTITY = "-";
				COPY_PHASE_STRIP = NO;
				DEBUG_INFORMATION_FORMAT = dwarf;
				ENABLE_STRICT_OBJC_MSGSEND = YES;
				ENABLE_TESTABILITY = YES;
				GCC_C_LANGUAGE_STANDARD = gnu99;
				GCC_DYNAMIC_NO_PIC = NO;
				GCC_NO_COMMON_BLOCKS = YES;
				GCC_OPTIMIZATION_LEVEL = 0;
				GCC_PREPROCESSOR_DEFINITIONS = (
					"DEBUG=1",
					"$(inherited)",
				);
				GCC_WARN_64_TO_32_BIT_CONVERSION = YES;
				GCC_WARN_ABOUT_RETURN_TYPE = YES_ERROR;
				GCC_WARN_UNDECLARED_SELECTOR = YES;
				GCC_WARN_UNINITIALIZED_AUTOS = YES_AGGRESSIVE;
				GCC_WARN_UNUSED_FUNCTION = YES;
				GCC_WARN_UNUSED_VARIABLE = YES;
				MACOSX_DEPLOYMENT_TARGET = 10.12;
				MTL_ENABLE_DEBUG_INFO = YES;
				ONLY_ACTIVE_ARCH = YES;
				SDKROOT = macosx;
				SWIFT_ACTIVE_COMPILATION_CONDITIONS = DEBUG;
				SWIFT_OPTIMIZATION_LEVEL = "-Onone";
			};
			name = Debug;
		};
		249DC6491F5EE12400986B98 /* Release */ = {
			isa = XCBuildConfiguration;
			buildSettings = {
				ALWAYS_SEARCH_USER_PATHS = NO;
				CLANG_ANALYZER_NONNULL = YES;
				CLANG_ANALYZER_NUMBER_OBJECT_CONVERSION = YES_AGGRESSIVE;
				CLANG_CXX_LANGUAGE_STANDARD = "gnu++0x";
				CLANG_CXX_LIBRARY = "libc++";
				CLANG_ENABLE_MODULES = YES;
				CLANG_ENABLE_OBJC_ARC = YES;
				CLANG_WARN_BOOL_CONVERSION = YES;
				CLANG_WARN_CONSTANT_CONVERSION = YES;
				CLANG_WARN_DIRECT_OBJC_ISA_USAGE = YES_ERROR;
				CLANG_WARN_DOCUMENTATION_COMMENTS = YES;
				CLANG_WARN_EMPTY_BODY = YES;
				CLANG_WARN_ENUM_CONVERSION = YES;
				CLANG_WARN_INFINITE_RECURSION = YES;
				CLANG_WARN_INT_CONVERSION = YES;
				CLANG_WARN_OBJC_ROOT_CLASS = YES_ERROR;
				CLANG_WARN_SUSPICIOUS_MOVE = YES;
				CLANG_WARN_UNREACHABLE_CODE = YES;
				CLANG_WARN__DUPLICATE_METHOD_MATCH = YES;
				CODE_SIGN_IDENTITY = "-";
				COPY_PHASE_STRIP = NO;
				DEBUG_INFORMATION_FORMAT = "dwarf-with-dsym";
				ENABLE_NS_ASSERTIONS = NO;
				ENABLE_STRICT_OBJC_MSGSEND = YES;
				GCC_C_LANGUAGE_STANDARD = gnu99;
				GCC_NO_COMMON_BLOCKS = YES;
				GCC_WARN_64_TO_32_BIT_CONVERSION = YES;
				GCC_WARN_ABOUT_RETURN_TYPE = YES_ERROR;
				GCC_WARN_UNDECLARED_SELECTOR = YES;
				GCC_WARN_UNINITIALIZED_AUTOS = YES_AGGRESSIVE;
				GCC_WARN_UNUSED_FUNCTION = YES;
				GCC_WARN_UNUSED_VARIABLE = YES;
				MACOSX_DEPLOYMENT_TARGET = 10.12;
				MTL_ENABLE_DEBUG_INFO = NO;
				SDKROOT = macosx;
				SWIFT_OPTIMIZATION_LEVEL = "-Owholemodule";
			};
			name = Release;
		};
		249DC64B1F5EE12400986B98 /* Debug */ = {
			isa = XCBuildConfiguration;
			buildSettings = {
				ASSETCATALOG_COMPILER_APPICON_NAME = AppIcon;
				COMBINE_HIDPI_IMAGES = YES;
				DEVELOPMENT_TEAM = X8F237SM25;
				INFOPLIST_FILE = Devium/Info.plist;
				LD_RUNPATH_SEARCH_PATHS = "$(inherited) @executable_path/../Frameworks";
				PRODUCT_BUNDLE_IDENTIFIER = Stant.Devium;
				PRODUCT_NAME = "$(TARGET_NAME)";
				SWIFT_VERSION = 3.0;
			};
			name = Debug;
		};
		249DC64C1F5EE12400986B98 /* Release */ = {
			isa = XCBuildConfiguration;
			buildSettings = {
				ASSETCATALOG_COMPILER_APPICON_NAME = AppIcon;
				COMBINE_HIDPI_IMAGES = YES;
				DEVELOPMENT_TEAM = X8F237SM25;
				INFOPLIST_FILE = Devium/Info.plist;
				LD_RUNPATH_SEARCH_PATHS = "$(inherited) @executable_path/../Frameworks";
				PRODUCT_BUNDLE_IDENTIFIER = Stant.Devium;
				PRODUCT_NAME = "$(TARGET_NAME)";
				SWIFT_VERSION = 3.0;
			};
			name = Release;
		};
		249DC64E1F5EE12400986B98 /* Debug */ = {
			isa = XCBuildConfiguration;
			buildSettings = {
				ALWAYS_EMBED_SWIFT_STANDARD_LIBRARIES = YES;
				BUNDLE_LOADER = "$(TEST_HOST)";
				COMBINE_HIDPI_IMAGES = YES;
				DEVELOPMENT_TEAM = X8F237SM25;
				INFOPLIST_FILE = DeviumTests/Info.plist;
				LD_RUNPATH_SEARCH_PATHS = "$(inherited) @executable_path/../Frameworks @loader_path/../Frameworks";
				PRODUCT_BUNDLE_IDENTIFIER = Stant.DeviumTests;
				PRODUCT_NAME = "$(TARGET_NAME)";
				SWIFT_VERSION = 3.0;
				TEST_HOST = "$(BUILT_PRODUCTS_DIR)/Devium.app/Contents/MacOS/Devium";
			};
			name = Debug;
		};
		249DC64F1F5EE12400986B98 /* Release */ = {
			isa = XCBuildConfiguration;
			buildSettings = {
				ALWAYS_EMBED_SWIFT_STANDARD_LIBRARIES = YES;
				BUNDLE_LOADER = "$(TEST_HOST)";
				COMBINE_HIDPI_IMAGES = YES;
				DEVELOPMENT_TEAM = X8F237SM25;
				INFOPLIST_FILE = DeviumTests/Info.plist;
				LD_RUNPATH_SEARCH_PATHS = "$(inherited) @executable_path/../Frameworks @loader_path/../Frameworks";
				PRODUCT_BUNDLE_IDENTIFIER = Stant.DeviumTests;
				PRODUCT_NAME = "$(TARGET_NAME)";
				SWIFT_VERSION = 3.0;
				TEST_HOST = "$(BUILT_PRODUCTS_DIR)/Devium.app/Contents/MacOS/Devium";
			};
			name = Release;
		};
		249DC6511F5EE12400986B98 /* Debug */ = {
			isa = XCBuildConfiguration;
			buildSettings = {
				ALWAYS_EMBED_SWIFT_STANDARD_LIBRARIES = YES;
				COMBINE_HIDPI_IMAGES = YES;
				DEVELOPMENT_TEAM = X8F237SM25;
				INFOPLIST_FILE = DeviumUITests/Info.plist;
				LD_RUNPATH_SEARCH_PATHS = "$(inherited) @executable_path/../Frameworks @loader_path/../Frameworks";
				PRODUCT_BUNDLE_IDENTIFIER = Stant.DeviumUITests;
				PRODUCT_NAME = "$(TARGET_NAME)";
				SWIFT_VERSION = 3.0;
				TEST_TARGET_NAME = Devium;
			};
			name = Debug;
		};
		249DC6521F5EE12400986B98 /* Release */ = {
			isa = XCBuildConfiguration;
			buildSettings = {
				ALWAYS_EMBED_SWIFT_STANDARD_LIBRARIES = YES;
				COMBINE_HIDPI_IMAGES = YES;
				DEVELOPMENT_TEAM = X8F237SM25;
				INFOPLIST_FILE = DeviumUITests/Info.plist;
				LD_RUNPATH_SEARCH_PATHS = "$(inherited) @executable_path/../Frameworks @loader_path/../Frameworks";
				PRODUCT_BUNDLE_IDENTIFIER = Stant.DeviumUITests;
				PRODUCT_NAME = "$(TARGET_NAME)";
				SWIFT_VERSION = 3.0;
				TEST_TARGET_NAME = Devium;
			};
			name = Release;
		};
/* End XCBuildConfiguration section */

/* Begin XCConfigurationList section */
		249DC6201F5EE12400986B98 /* Build configuration list for PBXProject "Devium" */ = {
			isa = XCConfigurationList;
			buildConfigurations = (
				249DC6481F5EE12400986B98 /* Debug */,
				249DC6491F5EE12400986B98 /* Release */,
			);
			defaultConfigurationIsVisible = 0;
			defaultConfigurationName = Release;
		};
		249DC64A1F5EE12400986B98 /* Build configuration list for PBXNativeTarget "Devium" */ = {
			isa = XCConfigurationList;
			buildConfigurations = (
				249DC64B1F5EE12400986B98 /* Debug */,
				249DC64C1F5EE12400986B98 /* Release */,
			);
			defaultConfigurationIsVisible = 0;
			defaultConfigurationName = Release;
		};
		249DC64D1F5EE12400986B98 /* Build configuration list for PBXNativeTarget "DeviumTests" */ = {
			isa = XCConfigurationList;
			buildConfigurations = (
				249DC64E1F5EE12400986B98 /* Debug */,
				249DC64F1F5EE12400986B98 /* Release */,
			);
			defaultConfigurationIsVisible = 0;
			defaultConfigurationName = Release;
		};
		249DC6501F5EE12400986B98 /* Build configuration list for PBXNativeTarget "DeviumUITests" */ = {
			isa = XCConfigurationList;
			buildConfigurations = (
				249DC6511F5EE12400986B98 /* Debug */,
				249DC6521F5EE12400986B98 /* Release */,
			);
			defaultConfigurationIsVisible = 0;
			defaultConfigurationName = Release;
		};
/* End XCConfigurationList section */
	};
	rootObject = 249DC61D1F5EE12400986B98 /* Project object */;
}
